
Microsoft Visual Studio Solution File, Format Version 12.00
# Visual Studio Version 17
VisualStudioVersion = 17.9.34728.123
MinimumVisualStudioVersion = 10.0.40219.1
Project("{FAE04EC0-301F-11D3-BF4B-00C04F79EFBC}") = "CTCS_test", "CTCS_test\CTCS_test.csproj", "{0BB60920-9B81-49B9-817A-5B058321375C}"
EndProject
Global
	GlobalSection(SolutionConfigurationPlatforms) = preSolution
		Debug|Any CPU = Debug|Any CPU
		Release|Any CPU = Release|Any CPU
	EndGlobalSection
	GlobalSection(ProjectConfigurationPlatforms) = postSolution
		{0BB60920-9B81-49B9-817A-5B058321375C}.Debug|Any CPU.ActiveCfg = Debug|Any CPU
		{0BB60920-9B81-49B9-817A-5B058321375C}.Debug|Any CPU.Build.0 = Debug|Any CPU
		{0BB60920-9B81-49B9-817A-5B058321375C}.Release|Any CPU.ActiveCfg = Release|Any CPU
		{0BB60920-9B81-49B9-817A-5B058321375C}.Release|Any CPU.Build.0 = Release|Any CPU
	EndGlobalSection
	GlobalSection(SolutionProperties) = preSolution
		HideSolutionNode = FALSE
	EndGlobalSection
	GlobalSection(ExtensibilityGlobals) = postSolution
		SolutionGuid = {5B775935-5CF5-42D6-80A9-5EDCE19F5405}
	EndGlobalSection
EndGlobal
